
Microsoft Visual Studio Solution File, Format Version 12.00
# Visual Studio Version 16
VisualStudioVersion = 16.0.31911.196
MinimumVisualStudioVersion = 10.0.40219.1
Project("{FAE04EC0-301F-11D3-BF4B-00C04F79EFBC}") = "ProjetoFinal_POO2", "ProjetoFinal_POO2\ProjetoFinal_POO2.csproj", "{02AA7492-4C00-4BB1-8854-74535EF035E5}"
EndProject
Global
	GlobalSection(SolutionConfigurationPlatforms) = preSolution
		Debug|Any CPU = Debug|Any CPU
		Release|Any CPU = Release|Any CPU
	EndGlobalSection
	GlobalSection(ProjectConfigurationPlatforms) = postSolution
		{02AA7492-4C00-4BB1-8854-74535EF035E5}.Debug|Any CPU.ActiveCfg = Debug|Any CPU
		{02AA7492-4C00-4BB1-8854-74535EF035E5}.Debug|Any CPU.Build.0 = Debug|Any CPU
		{02AA7492-4C00-4BB1-8854-74535EF035E5}.Release|Any CPU.ActiveCfg = Release|Any CPU
		{02AA7492-4C00-4BB1-8854-74535EF035E5}.Release|Any CPU.Build.0 = Release|Any CPU
	EndGlobalSection
	GlobalSection(SolutionProperties) = preSolution
		HideSolutionNode = FALSE
	EndGlobalSection
	GlobalSection(ExtensibilityGlobals) = postSolution
		SolutionGuid = {F565C62F-677B-4697-AD66-3FF1CF0D758B}
	EndGlobalSection
EndGlobal
